
Microsoft Visual Studio Solution File, Format Version 12.00
# Visual Studio 15
VisualStudioVersion = 15.0.27130.2010
MinimumVisualStudioVersion = 10.0.40219.1
Project("{2150E333-8FDC-42A3-9474-1A3956D46DE8}") = "Solution Items", "Solution Items", "{461F62A8-DC5B-4F28-B5CC-707E466ED1A8}"
	ProjectSection(SolutionItems) = preProject
		.editorconfig = .editorconfig
		.prettierrc = .prettierrc
		tsconfig.json = tsconfig.json
		tslint.json = tslint.json
	EndProjectSection
EndProject
Project("{9A19103F-16F7-4668-BE54-9A1E7A4F7556}") = "App", "src\App\App.csproj", "{D653B77B-6B7D-4465-9897-C08BE13EC2AD}"
EndProject
Project("{9A19103F-16F7-4668-BE54-9A1E7A4F7556}") = "App.Tests", "src\App.Tests\App.Tests.csproj", "{9A9E2C55-A30E-40F1-A57A-C5F93447A645}"
EndProject
Global
	GlobalSection(SolutionConfigurationPlatforms) = preSolution
		Debug|Any CPU = Debug|Any CPU
		Release|Any CPU = Release|Any CPU
	EndGlobalSection
	GlobalSection(ProjectConfigurationPlatforms) = postSolution
		{D653B77B-6B7D-4465-9897-C08BE13EC2AD}.Debug|Any CPU.ActiveCfg = Debug|Any CPU
		{D653B77B-6B7D-4465-9897-C08BE13EC2AD}.Debug|Any CPU.Build.0 = Debug|Any CPU
		{D653B77B-6B7D-4465-9897-C08BE13EC2AD}.Release|Any CPU.ActiveCfg = Release|Any CPU
		{D653B77B-6B7D-4465-9897-C08BE13EC2AD}.Release|Any CPU.Build.0 = Release|Any CPU
		{9A9E2C55-A30E-40F1-A57A-C5F93447A645}.Debug|Any CPU.ActiveCfg = Debug|Any CPU
		{9A9E2C55-A30E-40F1-A57A-C5F93447A645}.Debug|Any CPU.Build.0 = Debug|Any CPU
		{9A9E2C55-A30E-40F1-A57A-C5F93447A645}.Release|Any CPU.ActiveCfg = Release|Any CPU
		{9A9E2C55-A30E-40F1-A57A-C5F93447A645}.Release|Any CPU.Build.0 = Release|Any CPU
	EndGlobalSection
	GlobalSection(SolutionProperties) = preSolution
		HideSolutionNode = FALSE
	EndGlobalSection
	GlobalSection(ExtensibilityGlobals) = postSolution
		SolutionGuid = {E80613B9-D541-467C-8D20-678820CAE827}
	EndGlobalSection
EndGlobal
